{
  "name": "screenshot",
  "version": "0.0.0",
  "lockfileVersion": 1,
  "requires": true,
  "dependencies": {
    "merge-images": {
      "version": "1.0.7",
      "resolved": "https://registry.npmjs.org/merge-images/-/merge-images-1.0.7.tgz",
      "integrity": "sha1-8JFGYmP4eNFtBsA868N+qX6SiMo="
    }
  }
}
